
Microsoft Visual Studio Solution File, Format Version 12.00
# Visual Studio Version 17
VisualStudioVersion = 17.5.33414.496
MinimumVisualStudioVersion = 10.0.40219.1
Project("{FAE04EC0-301F-11D3-BF4B-00C04F79EFBC}") = "modul9_1302210097", "modul9_1302210097\modul9_1302210097.csproj", "{E07AE759-05FA-4BC7-A260-232964DE553A}"
EndProject
Global
	GlobalSection(SolutionConfigurationPlatforms) = preSolution
		Debug|Any CPU = Debug|Any CPU
		Release|Any CPU = Release|Any CPU
	EndGlobalSection
	GlobalSection(ProjectConfigurationPlatforms) = postSolution
		{E07AE759-05FA-4BC7-A260-232964DE553A}.Debug|Any CPU.ActiveCfg = Debug|Any CPU
		{E07AE759-05FA-4BC7-A260-232964DE553A}.Debug|Any CPU.Build.0 = Debug|Any CPU
		{E07AE759-05FA-4BC7-A260-232964DE553A}.Release|Any CPU.ActiveCfg = Release|Any CPU
		{E07AE759-05FA-4BC7-A260-232964DE553A}.Release|Any CPU.Build.0 = Release|Any CPU
	EndGlobalSection
	GlobalSection(SolutionProperties) = preSolution
		HideSolutionNode = FALSE
	EndGlobalSection
	GlobalSection(ExtensibilityGlobals) = postSolution
		SolutionGuid = {A4E196CB-6E01-45D7-B381-4C95335B9083}
	EndGlobalSection
EndGlobal
